
Microsoft Visual Studio Solution File, Format Version 12.00
# Visual Studio 15
VisualStudioVersion = 15.0.27130.2026
MinimumVisualStudioVersion = 10.0.40219.1
Project("{FAE04EC0-301F-11D3-BF4B-00C04F79EFBC}") = "ASMSim", "ASMSim\ASMSim.csproj", "{4C53BDBD-A2EC-4307-B7AC-3DB2CEF3BE1B}"
EndProject
Global
	GlobalSection(SolutionConfigurationPlatforms) = preSolution
		Debug|Any CPU = Debug|Any CPU
		Release|Any CPU = Release|Any CPU
	EndGlobalSection
	GlobalSection(ProjectConfigurationPlatforms) = postSolution
		{4C53BDBD-A2EC-4307-B7AC-3DB2CEF3BE1B}.Debug|Any CPU.ActiveCfg = Debug|Any CPU
		{4C53BDBD-A2EC-4307-B7AC-3DB2CEF3BE1B}.Debug|Any CPU.Build.0 = Debug|Any CPU
		{4C53BDBD-A2EC-4307-B7AC-3DB2CEF3BE1B}.Release|Any CPU.ActiveCfg = Release|Any CPU
		{4C53BDBD-A2EC-4307-B7AC-3DB2CEF3BE1B}.Release|Any CPU.Build.0 = Release|Any CPU
	EndGlobalSection
	GlobalSection(SolutionProperties) = preSolution
		HideSolutionNode = FALSE
	EndGlobalSection
	GlobalSection(ExtensibilityGlobals) = postSolution
		SolutionGuid = {DA95CAD6-093F-459D-A96C-85C877F8D8E3}
	EndGlobalSection
EndGlobal
